// !$*UTF8*$!
{
	archiveVersion = 1;
	classes = {
	};
	objectVersion = 77;
	objects = {

/* Begin PBXContainerItemProxy section */
		E89A16202E688C0E0065BE73 /* PBXContainerItemProxy */ = {
			isa = PBXContainerItemProxy;
			containerPortal = E89A16082E688C0C0065BE73 /* Project object */;
			proxyType = 1;
			remoteGlobalIDString = E89A160F2E688C0C0065BE73;
			remoteInfo = Manifest;
		};
		E89A162A2E688C0E0065BE73 /* PBXContainerItemProxy */ = {
			isa = PBXContainerItemProxy;
			containerPortal = E89A16082E688C0C0065BE73 /* Project object */;
			proxyType = 1;
			remoteGlobalIDString = E89A160F2E688C0C0065BE73;
			remoteInfo = Manifest;
		};
/* End PBXContainerItemProxy section */

/* Begin PBXFileReference section */
		E89A16102E688C0C0065BE73 /* Manifest.app */ = {isa = PBXFileReference; explicitFileType = wrapper.application; includeInIndex = 0; path = Manifest.app; sourceTree = BUILT_PRODUCTS_DIR; };
		E89A161F2E688C0E0065BE73 /* ManifestTests.xctest */ = {isa = PBXFileReference; explicitFileType = wrapper.cfbundle; includeInIndex = 0; path = ManifestTests.xctest; sourceTree = BUILT_PRODUCTS_DIR; };
		E89A16292E688C0E0065BE73 /* ManifestUITests.xctest */ = {isa = PBXFileReference; explicitFileType = wrapper.cfbundle; includeInIndex = 0; path = ManifestUITests.xctest; sourceTree = BUILT_PRODUCTS_DIR; };
/* End PBXFileReference section */

/* Begin PBXFileSystemSynchronizedGroupBuildPhaseMembershipExceptionSet section */
		E856FCB12E6A65C300DE0FA2 /* Exceptions for "Manifest" folder in "Copy Bundle Resources" phase from "Manifest" target */ = {
			isa = PBXFileSystemSynchronizedGroupBuildPhaseMembershipExceptionSet;
			buildPhase = E89A160E2E688C0C0065BE73 /* Resources */;
			membershipExceptions = (
				Manifest.entitlements,
			);
		};
/* End PBXFileSystemSynchronizedGroupBuildPhaseMembershipExceptionSet section */

/* Begin PBXFileSystemSynchronizedRootGroup section */
		E89A16122E688C0C0065BE73 /* Manifest */ = {
			isa = PBXFileSystemSynchronizedRootGroup;
			exceptions = (
				E856FCB12E6A65C300DE0FA2 /* Exceptions for "Manifest" folder in "Copy Bundle Resources" phase from "Manifest" target */,
			);
			path = Manifest;
			sourceTree = "<group>";
		};
		E89A16222E688C0E0065BE73 /* ManifestTests */ = {
			isa = PBXFileSystemSynchronizedRootGroup;
			path = ManifestTests;
			sourceTree = "<group>";
		};
		E89A162C2E688C0E0065BE73 /* ManifestUITests */ = {
			isa = PBXFileSystemSynchronizedRootGroup;
			path = ManifestUITests;
			sourceTree = "<group>";
		};
/* End PBXFileSystemSynchronizedRootGroup section */

/* Begin PBXFrameworksBuildPhase section */
		E89A160D2E688C0C0065BE73 /* Frameworks */ = {
			isa = PBXFrameworksBuildPhase;
			buildActionMask = 2147483647;
			files = (
			);
			runOnlyForDeploymentPostprocessing = 0;
		};
		E89A161C2E688C0E0065BE73 /* Frameworks */ = {
			isa = PBXFrameworksBuildPhase;
			buildActionMask = 2147483647;
			files = (
			);
			runOnlyForDeploymentPostprocessing = 0;
		};
		E89A16262E688C0E0065BE73 /* Frameworks */ = {
			isa = PBXFrameworksBuildPhase;
			buildActionMask = 2147483647;
			files = (
			);
			runOnlyForDeploymentPostprocessing = 0;
		};
/* End PBXFrameworksBuildPhase section */

/* Begin PBXGroup section */
		E89A16072E688C0C0065BE73 = {
			isa = PBXGroup;
			children = (
				E89A16122E688C0C0065BE73 /* Manifest */,
				E89A16222E688C0E0065BE73 /* ManifestTests */,
				E89A162C2E688C0E0065BE73 /* ManifestUITests */,
				E89A16112E688C0C0065BE73 /* Products */,
			);
			sourceTree = "<group>";
		};
		E89A16112E688C0C0065BE73 /* Products */ = {
			isa = PBXGroup;
			children = (
				E89A16102E688C0C0065BE73 /* Manifest.app */,
				E89A161F2E688C0E0065BE73 /* ManifestTests.xctest */,
				E89A16292E688C0E0065BE73 /* ManifestUITests.xctest */,
			);
			name = Products;
			sourceTree = "<group>";
		};
/* End PBXGroup section */

/* Begin PBXNativeTarget section */
		E89A160F2E688C0C0065BE73 /* Manifest */ = {
			isa = PBXNativeTarget;
			buildConfigurationList = E89A16332E688C0E0065BE73 /* Build configuration list for PBXNativeTarget "Manifest" */;
			buildPhases = (
				E89A160C2E688C0C0065BE73 /* Sources */,
				E89A160D2E688C0C0065BE73 /* Frameworks */,
				E89A160E2E688C0C0065BE73 /* Resources */,
			);
			buildRules = (
			);
			dependencies = (
			);
			fileSystemSynchronizedGroups = (
				E89A16122E688C0C0065BE73 /* Manifest */,
			);
			name = Manifest;
			packageProductDependencies = (
			);
			productName = Manifest;
			productReference = E89A16102E688C0C0065BE73 /* Manifest.app */;
			productType = "com.apple.product-type.application";
		};
		E89A161E2E688C0E0065BE73 /* ManifestTests */ = {
			isa = PBXNativeTarget;
			buildConfigurationList = E89A16362E688C0E0065BE73 /* Build configuration list for PBXNativeTarget "ManifestTests" */;
			buildPhases = (
				E89A161B2E688C0E0065BE73 /* Sources */,
				E89A161C2E688C0E0065BE73 /* Frameworks */,
				E89A161D2E688C0E0065BE73 /* Resources */,
			);
			buildRules = (
			);
			dependencies = (
				E89A16212E688C0E0065BE73 /* PBXTargetDependency */,
			);
			fileSystemSynchronizedGroups = (
				E89A16222E688C0E0065BE73 /* ManifestTests */,
			);
			name = ManifestTests;
			packageProductDependencies = (
			);
			productName = ManifestTests;
			productReference = E89A161F2E688C0E0065BE73 /* ManifestTests.xctest */;
			productType = "com.apple.product-type.bundle.unit-test";
		};
		E89A16282E688C0E0065BE73 /* ManifestUITests */ = {
			isa = PBXNativeTarget;
			buildConfigurationList = E89A16392E688C0E0065BE73 /* Build configuration list for PBXNativeTarget "ManifestUITests" */;
			buildPhases = (
				E89A16252E688C0E0065BE73 /* Sources */,
				E89A16262E688C0E0065BE73 /* Frameworks */,
				E89A16272E688C0E0065BE73 /* Resources */,
			);
			buildRules = (
			);
			dependencies = (
				E89A162B2E688C0E0065BE73 /* PBXTargetDependency */,
			);
			fileSystemSynchronizedGroups = (
				E89A162C2E688C0E0065BE73 /* ManifestUITests */,
			);
			name = ManifestUITests;
			packageProductDependencies = (
			);
			productName = ManifestUITests;
			productReference = E89A16292E688C0E0065BE73 /* ManifestUITests.xctest */;
			productType = "com.apple.product-type.bundle.ui-testing";
		};
/* End PBXNativeTarget section */

/* Begin PBXProject section */
		E89A16082E688C0C0065BE73 /* Project object */ = {
			isa = PBXProject;
			attributes = {
				BuildIndependentTargetsInParallel = 1;
				LastSwiftUpdateCheck = 1640;
				LastUpgradeCheck = 1640;
				TargetAttributes = {
					E89A160F2E688C0C0065BE73 = {
						CreatedOnToolsVersion = 16.4;
					};
					E89A161E2E688C0E0065BE73 = {
						CreatedOnToolsVersion = 16.4;
						TestTargetID = E89A160F2E688C0C0065BE73;
					};
					E89A16282E688C0E0065BE73 = {
						CreatedOnToolsVersion = 16.4;
						TestTargetID = E89A160F2E688C0C0065BE73;
					};
				};
			};
			buildConfigurationList = E89A160B2E688C0C0065BE73 /* Build configuration list for PBXProject "Manifest" */;
			developmentRegion = en;
			hasScannedForEncodings = 0;
			knownRegions = (
				en,
				Base,
			);
			mainGroup = E89A16072E688C0C0065BE73;
			minimizedProjectReferenceProxies = 1;
			preferredProjectObjectVersion = 77;
			productRefGroup = E89A16112E688C0C0065BE73 /* Products */;
			projectDirPath = "";
			projectRoot = "";
			targets = (
				E89A160F2E688C0C0065BE73 /* Manifest */,
				E89A161E2E688C0E0065BE73 /* ManifestTests */,
				E89A16282E688C0E0065BE73 /* ManifestUITests */,
			);
		};
/* End PBXProject section */

/* Begin PBXResourcesBuildPhase section */
		E89A160E2E688C0C0065BE73 /* Resources */ = {
			isa = PBXResourcesBuildPhase;
			buildActionMask = 2147483647;
			files = (
			);
			runOnlyForDeploymentPostprocessing = 0;
		};
		E89A161D2E688C0E0065BE73 /* Resources */ = {
			isa = PBXResourcesBuildPhase;
			buildActionMask = 2147483647;
			files = (
			);
			runOnlyForDeploymentPostprocessing = 0;
		};
		E89A16272E688C0E0065BE73 /* Resources */ = {
			isa = PBXResourcesBuildPhase;
			buildActionMask = 2147483647;
			files = (
			);
			runOnlyForDeploymentPostprocessing = 0;
		};
/* End PBXResourcesBuildPhase section */

/* Begin PBXSourcesBuildPhase section */
		E89A160C2E688C0C0065BE73 /* Sources */ = {
			isa = PBXSourcesBuildPhase;
			buildActionMask = 2147483647;
			files = (
			);
			runOnlyForDeploymentPostprocessing = 0;
		};
		E89A161B2E688C0E0065BE73 /* Sources */ = {
			isa = PBXSourcesBuildPhase;
			buildActionMask = 2147483647;
			files = (
			);
			runOnlyForDeploymentPostprocessing = 0;
		};
		E89A16252E688C0E0065BE73 /* Sources */ = {
			isa = PBXSourcesBuildPhase;
			buildActionMask = 2147483647;
			files = (
			);
			runOnlyForDeploymentPostprocessing = 0;
		};
/* End PBXSourcesBuildPhase section */

/* Begin PBXTargetDependency section */
		E89A16212E688C0E0065BE73 /* PBXTargetDependency */ = {
			isa = PBXTargetDependency;
			target = E89A160F2E688C0C0065BE73 /* Manifest */;
			targetProxy = E89A16202E688C0E0065BE73 /* PBXContainerItemProxy */;
		};
		E89A162B2E688C0E0065BE73 /* PBXTargetDependency */ = {
			isa = PBXTargetDependency;
			target = E89A160F2E688C0C0065BE73 /* Manifest */;
			targetProxy = E89A162A2E688C0E0065BE73 /* PBXContainerItemProxy */;
		};
/* End PBXTargetDependency section */

/* Begin XCBuildConfiguration section */
		E89A16312E688C0E0065BE73 /* Debug */ = {
			isa = XCBuildConfiguration;
			buildSettings = {
				ALWAYS_SEARCH_USER_PATHS = NO;
				ASSETCATALOG_COMPILER_GENERATE_SWIFT_ASSET_SYMBOL_EXTENSIONS = YES;
				CLANG_ANALYZER_NONNULL = YES;
				CLANG_ANALYZER_NUMBER_OBJECT_CONVERSION = YES_AGGRESSIVE;
				CLANG_CXX_LANGUAGE_STANDARD = "gnu++20";
				CLANG_ENABLE_MODULES = YES;
				CLANG_ENABLE_OBJC_ARC = YES;
				CLANG_ENABLE_OBJC_WEAK = YES;
				CLANG_WARN_BLOCK_CAPTURE_AUTORELEASING = YES;
				CLANG_WARN_BOOL_CONVERSION = YES;
				CLANG_WARN_COMMA = YES;
				CLANG_WARN_CONSTANT_CONVERSION = YES;
				CLANG_WARN_DEPRECATED_OBJC_IMPLEMENTATIONS = YES;
				CLANG_WARN_DIRECT_OBJC_ISA_USAGE = YES_ERROR;
				CLANG_WARN_DOCUMENTATION_COMMENTS = YES;
				CLANG_WARN_EMPTY_BODY = YES;
				CLANG_WARN_ENUM_CONVERSION = YES;
				CLANG_WARN_INFINITE_RECURSION = YES;
				CLANG_WARN_INT_CONVERSION = YES;
				CLANG_WARN_NON_LITERAL_NULL_CONVERSION = YES;
				CLANG_WARN_OBJC_IMPLICIT_RETAIN_SELF = YES;
				CLANG_WARN_OBJC_LITERAL_CONVERSION = YES;
				CLANG_WARN_OBJC_ROOT_CLASS = YES_ERROR;
				CLANG_WARN_QUOTED_INCLUDE_IN_FRAMEWORK_HEADER = YES;
				CLANG_WARN_RANGE_LOOP_ANALYSIS = YES;
				CLANG_WARN_STRICT_PROTOTYPES = YES;
				CLANG_WARN_SUSPICIOUS_MOVE = YES;
				CLANG_WARN_UNGUARDED_AVAILABILITY = YES_AGGRESSIVE;
				CLANG_WARN_UNREACHABLE_CODE = YES;
				CLANG_WARN__DUPLICATE_METHOD_MATCH = YES;
				COPY_PHASE_STRIP = NO;
				DEBUG_INFORMATION_FORMAT = dwarf;
				DEVELOPMENT_TEAM = M3C9ZYY8NX;
				ENABLE_STRICT_OBJC_MSGSEND = YES;
				ENABLE_TESTABILITY = YES;
				ENABLE_USER_SCRIPT_SANDBOXING = YES;
				GCC_C_LANGUAGE_STANDARD = gnu17;
				GCC_DYNAMIC_NO_PIC = NO;
				GCC_NO_COMMON_BLOCKS = YES;
				GCC_OPTIMIZATION_LEVEL = 0;
				GCC_PREPROCESSOR_DEFINITIONS = (
					"DEBUG=1",
					"$(inherited)",
				);
				GCC_WARN_64_TO_32_BIT_CONVERSION = YES;
				GCC_WARN_ABOUT_RETURN_TYPE = YES_ERROR;
				GCC_WARN_UNDECLARED_SELECTOR = YES;
				GCC_WARN_UNINITIALIZED_AUTOS = YES_AGGRESSIVE;
				GCC_WARN_UNUSED_FUNCTION = YES;
				GCC_WARN_UNUSED_VARIABLE = YES;
				IPHONEOS_DEPLOYMENT_TARGET = 18.5;
				LOCALIZATION_PREFERS_STRING_CATALOGS = YES;
				MTL_ENABLE_DEBUG_INFO = INCLUDE_SOURCE;
				MTL_FAST_MATH = YES;
				ONLY_ACTIVE_ARCH = YES;
				SDKROOT = iphoneos;
				SWIFT_ACTIVE_COMPILATION_CONDITIONS = "DEBUG $(inherited)";
				SWIFT_OPTIMIZATION_LEVEL = "-Onone";
			};
			name = Debug;
		};
		E89A16322E688C0E0065BE73 /* Release */ = {
			isa = XCBuildConfiguration;
			buildSettings = {
				ALWAYS_SEARCH_USER_PATHS = NO;
				ASSETCATALOG_COMPILER_GENERATE_SWIFT_ASSET_SYMBOL_EXTENSIONS = YES;
				CLANG_ANALYZER_NONNULL = YES;
				CLANG_ANALYZER_NUMBER_OBJECT_CONVERSION = YES_AGGRESSIVE;
				CLANG_CXX_LANGUAGE_STANDARD = "gnu++20";
				CLANG_ENABLE_MODULES = YES;
				CLANG_ENABLE_OBJC_ARC = YES;
				CLANG_ENABLE_OBJC_WEAK = YES;
				CLANG_WARN_BLOCK_CAPTURE_AUTORELEASING = YES;
				CLANG_WARN_BOOL_CONVERSION = YES;
				CLANG_WARN_COMMA = YES;
				CLANG_WARN_CONSTANT_CONVERSION = YES;
				CLANG_WARN_DEPRECATED_OBJC_IMPLEMENTATIONS = YES;
				CLANG_WARN_DIRECT_OBJC_ISA_USAGE = YES_ERROR;
				CLANG_WARN_DOCUMENTATION_COMMENTS = YES;
				CLANG_WARN_EMPTY_BODY = YES;
				CLANG_WARN_ENUM_CONVERSION = YES;
				CLANG_WARN_INFINITE_RECURSION = YES;
				CLANG_WARN_INT_CONVERSION = YES;
				CLANG_WARN_NON_LITERAL_NULL_CONVERSION = YES;
				CLANG_WARN_OBJC_IMPLICIT_RETAIN_SELF = YES;
				CLANG_WARN_OBJC_LITERAL_CONVERSION = YES;
				CLANG_WARN_OBJC_ROOT_CLASS = YES_ERROR;
				CLANG_WARN_QUOTED_INCLUDE_IN_FRAMEWORK_HEADER = YES;
				CLANG_WARN_RANGE_LOOP_ANALYSIS = YES;
				CLANG_WARN_STRICT_PROTOTYPES = YES;
				CLANG_WARN_SUSPICIOUS_MOVE = YES;
				CLANG_WARN_UNGUARDED_AVAILABILITY = YES_AGGRESSIVE;
				CLANG_WARN_UNREACHABLE_CODE = YES;
				CLANG_WARN__DUPLICATE_METHOD_MATCH = YES;
				COPY_PHASE_STRIP = NO;
				DEBUG_INFORMATION_FORMAT = "dwarf-with-dsym";
				DEVELOPMENT_TEAM = M3C9ZYY8NX;
				ENABLE_NS_ASSERTIONS = NO;
				ENABLE_STRICT_OBJC_MSGSEND = YES;
				ENABLE_USER_SCRIPT_SANDBOXING = YES;
				GCC_C_LANGUAGE_STANDARD = gnu17;
				GCC_NO_COMMON_BLOCKS = YES;
				GCC_WARN_64_TO_32_BIT_CONVERSION = YES;
				GCC_WARN_ABOUT_RETURN_TYPE = YES_ERROR;
				GCC_WARN_UNDECLARED_SELECTOR = YES;
				GCC_WARN_UNINITIALIZED_AUTOS = YES_AGGRESSIVE;
				GCC_WARN_UNUSED_FUNCTION = YES;
				GCC_WARN_UNUSED_VARIABLE = YES;
				IPHONEOS_DEPLOYMENT_TARGET = 18.5;
				LOCALIZATION_PREFERS_STRING_CATALOGS = YES;
				MTL_ENABLE_DEBUG_INFO = NO;
				MTL_FAST_MATH = YES;
				SDKROOT = iphoneos;
				SWIFT_COMPILATION_MODE = wholemodule;
				VALIDATE_PRODUCT = YES;
			};
			name = Release;
		};
		E89A16342E688C0E0065BE73 /* Debug */ = {
			isa = XCBuildConfiguration;
			buildSettings = {
				ASSETCATALOG_COMPILER_APPICON_NAME = AppIcon;
				ASSETCATALOG_COMPILER_GLOBAL_ACCENT_COLOR_NAME = AccentColor;
				CODE_SIGN_STYLE = Automatic;
				CURRENT_PROJECT_VERSION = 1;
				DEVELOPMENT_TEAM = M3C9ZYY8NX;
				ENABLE_PREVIEWS = YES;
				GENERATE_INFOPLIST_FILE = YES;
				INFOPLIST_KEY_UIApplicationSceneManifest_Generation = YES;
				INFOPLIST_KEY_UIApplicationSupportsIndirectInputEvents = YES;
				INFOPLIST_KEY_UILaunchScreen_Generation = YES;
				INFOPLIST_KEY_UISupportedInterfaceOrientations_iPad = "UIInterfaceOrientationPortrait UIInterfaceOrientationPortraitUpsideDown UIInterfaceOrientationLandscapeLeft UIInterfaceOrientationLandscapeRight";
				INFOPLIST_KEY_UISupportedInterfaceOrientations_iPhone = "UIInterfaceOrientationPortrait UIInterfaceOrientationLandscapeLeft UIInterfaceOrientationLandscapeRight";
				LD_RUNPATH_SEARCH_PATHS = (
					"$(inherited)",
					"@executable_path/Frameworks",
				);
				MARKETING_VERSION = 1.0;
				PRODUCT_BUNDLE_IDENTIFIER = com.krmsoft.Manifest;
				PRODUCT_NAME = "$(TARGET_NAME)";
				SWIFT_EMIT_LOC_STRINGS = YES;
				SWIFT_VERSION = 5.0;
				TARGETED_DEVICE_FAMILY = "1,2";
			};
			name = Debug;
		};
		E89A16352E688C0E0065BE73 /* Release */ = {
			isa = XCBuildConfiguration;
			buildSettings = {
				ASSETCATALOG_COMPILER_APPICON_NAME = AppIcon;
				ASSETCATALOG_COMPILER_GLOBAL_ACCENT_COLOR_NAME = AccentColor;
				CODE_SIGN_STYLE = Automatic;
				CURRENT_PROJECT_VERSION = 1;
				DEVELOPMENT_TEAM = M3C9ZYY8NX;
				ENABLE_PREVIEWS = YES;
				GENERATE_INFOPLIST_FILE = YES;
				INFOPLIST_KEY_UIApplicationSceneManifest_Generation = YES;
				INFOPLIST_KEY_UIApplicationSupportsIndirectInputEvents = YES;
				INFOPLIST_KEY_UILaunchScreen_Generation = YES;
				INFOPLIST_KEY_UISupportedInterfaceOrientations_iPad = "UIInterfaceOrientationPortrait UIInterfaceOrientationPortraitUpsideDown UIInterfaceOrientationLandscapeLeft UIInterfaceOrientationLandscapeRight";
				INFOPLIST_KEY_UISupportedInterfaceOrientations_iPhone = "UIInterfaceOrientationPortrait UIInterfaceOrientationLandscapeLeft UIInterfaceOrientationLandscapeRight";
				LD_RUNPATH_SEARCH_PATHS = (
					"$(inherited)",
					"@executable_path/Frameworks",
				);
				MARKETING_VERSION = 1.0;
				PRODUCT_BUNDLE_IDENTIFIER = com.krmsoft.Manifest;
				PRODUCT_NAME = "$(TARGET_NAME)";
				SWIFT_EMIT_LOC_STRINGS = YES;
				SWIFT_VERSION = 5.0;
				TARGETED_DEVICE_FAMILY = "1,2";
			};
			name = Release;
		};
		E89A16372E688C0E0065BE73 /* Debug */ = {
			isa = XCBuildConfiguration;
			buildSettings = {
				BUNDLE_LOADER = "$(TEST_HOST)";
				CODE_SIGN_STYLE = Automatic;
				CURRENT_PROJECT_VERSION = 1;
				DEVELOPMENT_TEAM = M3C9ZYY8NX;
				GENERATE_INFOPLIST_FILE = YES;
				IPHONEOS_DEPLOYMENT_TARGET = 18.5;
				MARKETING_VERSION = 1.0;
				PRODUCT_BUNDLE_IDENTIFIER = com.krmsoft.ManifestTests;
				PRODUCT_NAME = "$(TARGET_NAME)";
				SWIFT_EMIT_LOC_STRINGS = NO;
				SWIFT_VERSION = 5.0;
				TARGETED_DEVICE_FAMILY = "1,2";
				TEST_HOST = "$(BUILT_PRODUCTS_DIR)/Manifest.app/$(BUNDLE_EXECUTABLE_FOLDER_PATH)/Manifest";
			};
			name = Debug;
		};
		E89A16382E688C0E0065BE73 /* Release */ = {
			isa = XCBuildConfiguration;
			buildSettings = {
				BUNDLE_LOADER = "$(TEST_HOST)";
				CODE_SIGN_STYLE = Automatic;
				CURRENT_PROJECT_VERSION = 1;
				DEVELOPMENT_TEAM = M3C9ZYY8NX;
				GENERATE_INFOPLIST_FILE = YES;
				IPHONEOS_DEPLOYMENT_TARGET = 18.5;
				MARKETING_VERSION = 1.0;
				PRODUCT_BUNDLE_IDENTIFIER = com.krmsoft.ManifestTests;
				PRODUCT_NAME = "$(TARGET_NAME)";
				SWIFT_EMIT_LOC_STRINGS = NO;
				SWIFT_VERSION = 5.0;
				TARGETED_DEVICE_FAMILY = "1,2";
				TEST_HOST = "$(BUILT_PRODUCTS_DIR)/Manifest.app/$(BUNDLE_EXECUTABLE_FOLDER_PATH)/Manifest";
			};
			name = Release;
		};
		E89A163A2E688C0E0065BE73 /* Debug */ = {
			isa = XCBuildConfiguration;
			buildSettings = {
				CODE_SIGN_STYLE = Automatic;
				CURRENT_PROJECT_VERSION = 1;
				DEVELOPMENT_TEAM = M3C9ZYY8NX;
				GENERATE_INFOPLIST_FILE = YES;
				MARKETING_VERSION = 1.0;
				PRODUCT_BUNDLE_IDENTIFIER = com.krmsoft.ManifestUITests;
				PRODUCT_NAME = "$(TARGET_NAME)";
				SWIFT_EMIT_LOC_STRINGS = NO;
				SWIFT_VERSION = 5.0;
				TARGETED_DEVICE_FAMILY = "1,2";
				TEST_TARGET_NAME = Manifest;
			};
			name = Debug;
		};
		E89A163B2E688C0E0065BE73 /* Release */ = {
			isa = XCBuildConfiguration;
			buildSettings = {
				CODE_SIGN_STYLE = Automatic;
				CURRENT_PROJECT_VERSION = 1;
				DEVELOPMENT_TEAM = M3C9ZYY8NX;
				GENERATE_INFOPLIST_FILE = YES;
				MARKETING_VERSION = 1.0;
				PRODUCT_BUNDLE_IDENTIFIER = com.krmsoft.ManifestUITests;
				PRODUCT_NAME = "$(TARGET_NAME)";
				SWIFT_EMIT_LOC_STRINGS = NO;
				SWIFT_VERSION = 5.0;
				TARGETED_DEVICE_FAMILY = "1,2";
				TEST_TARGET_NAME = Manifest;
			};
			name = Release;
		};
/* End XCBuildConfiguration section */

/* Begin XCConfigurationList section */
		E89A160B2E688C0C0065BE73 /* Build configuration list for PBXProject "Manifest" */ = {
			isa = XCConfigurationList;
			buildConfigurations = (
				E89A16312E688C0E0065BE73 /* Debug */,
				E89A16322E688C0E0065BE73 /* Release */,
			);
			defaultConfigurationIsVisible = 0;
			defaultConfigurationName = Release;
		};
		E89A16332E688C0E0065BE73 /* Build configuration list for PBXNativeTarget "Manifest" */ = {
			isa = XCConfigurationList;
			buildConfigurations = (
				E89A16342E688C0E0065BE73 /* Debug */,
				E89A16352E688C0E0065BE73 /* Release */,
			);
			defaultConfigurationIsVisible = 0;
			defaultConfigurationName = Release;
		};
		E89A16362E688C0E0065BE73 /* Build configuration list for PBXNativeTarget "ManifestTests" */ = {
			isa = XCConfigurationList;
			buildConfigurations = (
				E89A16372E688C0E0065BE73 /* Debug */,
				E89A16382E688C0E0065BE73 /* Release */,
			);
			defaultConfigurationIsVisible = 0;
			defaultConfigurationName = Release;
		};
		E89A16392E688C0E0065BE73 /* Build configuration list for PBXNativeTarget "ManifestUITests" */ = {
			isa = XCConfigurationList;
			buildConfigurations = (
				E89A163A2E688C0E0065BE73 /* Debug */,
				E89A163B2E688C0E0065BE73 /* Release */,
			);
			defaultConfigurationIsVisible = 0;
			defaultConfigurationName = Release;
		};
/* End XCConfigurationList section */
	};
	rootObject = E89A16082E688C0C0065BE73 /* Project object */;
}
